
Microsoft Visual Studio Solution File, Format Version 11.00
# Visual C++ Express 2010
Project("{8BC9CEB8-8B4A-11D0-8D11-00A0C91BC942}") = "VPLOpenGL", "VPLOpenGL.vcxproj", "{439E8A38-218A-3DDA-9827-EB46CE792895}"
EndProject
Global
	GlobalSection(SolutionConfigurationPlatforms) = preSolution
		Debug|Win32 = Debug|Win32
		Release|Win32 = Release|Win32
	EndGlobalSection
	GlobalSection(ProjectConfigurationPlatforms) = postSolution
		{439E8A38-218A-3DDA-9827-EB46CE792895}.Debug|Win32.ActiveCfg = Debug|Win32
		{439E8A38-218A-3DDA-9827-EB46CE792895}.Debug|Win32.Build.0 = Debug|Win32
		{439E8A38-218A-3DDA-9827-EB46CE792895}.Release|Win32.ActiveCfg = Release|Win32
		{439E8A38-218A-3DDA-9827-EB46CE792895}.Release|Win32.Build.0 = Release|Win32
	EndGlobalSection
	GlobalSection(SolutionProperties) = preSolution
		HideSolutionNode = FALSE
	EndGlobalSection
EndGlobal
