<?xml version="1.0" encoding="utf-8"?>
<Project ToolsVersion="4.0" xmlns="http://schemas.microsoft.com/developer/msbuild/2003">
  <ItemGroup>
    <Filter Include="Source Files">
      <UniqueIdentifier>{4FC737F1-C7A5-4376-A066-2A32D752A2FF}</UniqueIdentifier>
      <Extensions>cpp;c;cc;cxx;def;odl;idl;hpj;bat;asm;asmx</Extensions>
    </Filter>
    <Filter Include="Header Files">
      <UniqueIdentifier>{93995380-89BD-4b04-88EB-625FBE52EBFB}</UniqueIdentifier>
      <Extensions>h;hpp;hxx;hm;inl;inc;xsd</Extensions>
    </Filter>
    <Filter Include="Resource Files">
      <UniqueIdentifier>{67DA6AB6-F800-4c08-8B7A-83BB121AAD01}</UniqueIdentifier>
      <Extensions>rc;ico;cur;bmp;dlg;rc2;rct;bin;rgs;gif;jpg;jpeg;jpe;resx;tiff;tif;png;wav</Extensions>
    </Filter>
    <Filter Include="Shaders">
      <UniqueIdentifier>{66429516-9d40-4ac0-9891-0992b954d6f8}</UniqueIdentifier>
    </Filter>
  </ItemGroup>
  <ItemGroup>
    <ClCompile Include="..\Camera.cpp">
      <Filter>Source Files</Filter>
    </ClCompile>
    <ClCompile Include="..\DrawableElement.cpp">
      <Filter>Source Files</Filter>
    </ClCompile>
    <ClCompile Include="..\InputManager.cpp">
      <Filter>Source Files</Filter>
    </ClCompile>
    <ClCompile Include="..\main.cpp">
      <Filter>Source Files</Filter>
    </ClCompile>
    <ClCompile Include="..\MatrixStack.cpp">
      <Filter>Source Files</Filter>
    </ClCompile>
    <ClCompile Include="..\SceneManager.cpp">
      <Filter>Source Files</Filter>
    </ClCompile>
    <ClCompile Include="..\Tool.cpp">
      <Filter>Source Files</Filter>
    </ClCompile>
    <ClCompile Include="..\WindowsManager.cpp">
      <Filter>Source Files</Filter>
    </ClCompile>
    <ClCompile Include="..\Shapes\Sphere.cpp">
      <Filter>Source Files</Filter>
    </ClCompile>
    <ClCompile Include="..\Shapes\Triangle.cpp">
      <Filter>Source Files</Filter>
    </ClCompile>
    <ClCompile Include="..\Math.cpp">
      <Filter>Source Files</Filter>
    </ClCompile>
    <ClCompile Include="..\ImportRadiance.cpp">
      <Filter>Source Files</Filter>
    </ClCompile>
    <ClCompile Include="..\RadianceShape.cpp">
      <Filter>Source Files</Filter>
    </ClCompile>
    <ClCompile Include="..\Keyboard.cpp">
      <Filter>Source Files</Filter>
    </ClCompile>
    <ClCompile Include="..\Mouse.cpp">
      <Filter>Source Files</Filter>
    </ClCompile>
    <ClCompile Include="..\Light.cpp">
      <Filter>Source Files</Filter>
    </ClCompile>
    <ClCompile Include="..\Texture.cpp">
      <Filter>Source Files</Filter>
    </ClCompile>
    <ClCompile Include="..\CubemapTexture.cpp">
      <Filter>Source Files</Filter>
    </ClCompile>
    <ClCompile Include="..\AssimpShape.cpp">
      <Filter>Source Files</Filter>
    </ClCompile>
    <ClCompile Include="..\Skybox.cpp">
      <Filter>Source Files</Filter>
    </ClCompile>
    <ClCompile Include="..\GenSky.cpp">
      <Filter>Source Files</Filter>
    </ClCompile>
    <ClCompile Include="..\GeometryFbo.cpp">
      <Filter>Source Files</Filter>
    </ClCompile>
    <ClCompile Include="..\include.cpp">
      <Filter>Source Files</Filter>
    </ClCompile>
    <ClCompile Include="..\ShadowMapFBO.cpp">
      <Filter>Source Files</Filter>
    </ClCompile>
  </ItemGroup>
  <ItemGroup>
    <ClInclude Include="..\WindowsManager.hpp">
      <Filter>Source Files</Filter>
    </ClInclude>
    <ClInclude Include="..\Camera.hpp">
      <Filter>Source Files</Filter>
    </ClInclude>
    <ClInclude Include="..\DrawableElement.hpp">
      <Filter>Source Files</Filter>
    </ClInclude>
    <ClInclude Include="..\include.h">
      <Filter>Source Files</Filter>
    </ClInclude>
    <ClInclude Include="..\InputManager.hpp">
      <Filter>Source Files</Filter>
    </ClInclude>
    <ClInclude Include="..\MatrixStack.hpp">
      <Filter>Source Files</Filter>
    </ClInclude>
    <ClInclude Include="..\SceneManager.hpp">
      <Filter>Source Files</Filter>
    </ClInclude>
    <ClInclude Include="..\Tool.hpp">
      <Filter>Source Files</Filter>
    </ClInclude>
    <ClInclude Include="..\Shapes\allShapes.h">
      <Filter>Source Files</Filter>
    </ClInclude>
    <ClInclude Include="..\Shapes\Sphere.hpp">
      <Filter>Source Files</Filter>
    </ClInclude>
    <ClInclude Include="..\Shapes\Triangle.hpp">
      <Filter>Source Files</Filter>
    </ClInclude>
    <ClInclude Include="..\Math.hpp">
      <Filter>Source Files</Filter>
    </ClInclude>
    <ClInclude Include="..\ImportRadiance.hpp">
      <Filter>Source Files</Filter>
    </ClInclude>
    <ClInclude Include="..\RadianceShape.hpp">
      <Filter>Source Files</Filter>
    </ClInclude>
    <ClInclude Include="..\Keyboard.hpp">
      <Filter>Source Files</Filter>
    </ClInclude>
    <ClInclude Include="..\Mouse.hpp">
      <Filter>Source Files</Filter>
    </ClInclude>
    <ClInclude Include="..\Light.hpp">
      <Filter>Source Files</Filter>
    </ClInclude>
    <ClInclude Include="..\Texture.hpp">
      <Filter>Source Files</Filter>
    </ClInclude>
    <ClInclude Include="..\CubemapTexture.hpp">
      <Filter>Source Files</Filter>
    </ClInclude>
    <ClInclude Include="..\AssimpShape.hpp">
      <Filter>Source Files</Filter>
    </ClInclude>
    <ClInclude Include="..\Skybox.hpp">
      <Filter>Source Files</Filter>
    </ClInclude>
    <ClInclude Include="..\GenSky.hpp">
      <Filter>Source Files</Filter>
    </ClInclude>
    <ClInclude Include="..\GeometryFbo.hpp">
      <Filter>Source Files</Filter>
    </ClInclude>
    <ClInclude Include="..\ShadowMapFBO.hpp">
      <Filter>Source Files</Filter>
    </ClInclude>
  </ItemGroup>
  <ItemGroup>
    <None Include="..\TODO">
      <Filter>Source Files</Filter>
    </None>
    <None Include="..\Shaders\texcoordscolor.fs.glsl">
      <Filter>Shaders</Filter>
    </None>
    <None Include="..\Shaders\transform.vs.glsl">
      <Filter>Shaders</Filter>
    </None>
    <None Include="..\Shaders\light.fs.glsl">
      <Filter>Shaders</Filter>
    </None>
    <None Include="..\Shaders\normalcolor.fs.glsl">
      <Filter>Shaders</Filter>
    </None>
    <None Include="..\Data\makefile.rif">
      <Filter>Resource Files</Filter>
    </None>
    <None Include="..\Data\test.rad">
      <Filter>Resource Files</Filter>
    </None>
    <None Include="..\Shaders\diffuseLight.vs.glsl">
      <Filter>Shaders</Filter>
    </None>
    <None Include="..\Shaders\diffuseLight.fs.glsl">
      <Filter>Shaders</Filter>
    </None>
    <None Include="..\shaders\skybox.vs.glsl">
      <Filter>Shaders</Filter>
    </None>
    <None Include="..\shaders\skybox.fs.glsl">
      <Filter>Shaders</Filter>
    </None>
    <None Include="..\Data\Sky.txt">
      <Filter>Resource Files</Filter>
    </None>
    <None Include="..\Shaders\depth.fs.glsl">
      <Filter>Shaders</Filter>
    </None>
    <None Include="..\Shaders\depth.vs.glsl">
      <Filter>Shaders</Filter>
    </None>
    <None Include="..\Shaders\shadowMapping.fs.glsl">
      <Filter>Shaders</Filter>
    </None>
    <None Include="..\Shaders\shadowMapping.vs.glsl">
      <Filter>Shaders</Filter>
    </None>
    <None Include="..\Data\test2.rad">
      <Filter>Resource Files</Filter>
    </None>
    <None Include="..\Shaders\ssao.vs.glsl">
      <Filter>Shaders</Filter>
    </None>
    <None Include="..\Shaders\ssao.fs.glsl">
      <Filter>Shaders</Filter>
    </None>
    <None Include="..\Shaders\testrendu.vs.glsl">
      <Filter>Shaders</Filter>
    </None>
    <None Include="..\Shaders\testrendu.fs.glsl">
      <Filter>Shaders</Filter>
    </None>
    <None Include="..\Shaders\flat.vs.glsl">
      <Filter>Shaders</Filter>
    </None>
    <None Include="..\Shaders\flat.fs.glsl">
      <Filter>Shaders</Filter>
    </None>
  </ItemGroup>
</Project>